// !$*UTF8*$!
{
	archiveVersion = 1;
	classes = {
	};
	objectVersion = 56;
	objects = {

/* Begin PBXBuildFile section */
		834B7993299F70EB00DB6FAE /* soundtouchios.h in CopyFiles */ = {isa = PBXBuildFile; fileRef = 834B7990299F70EB00DB6FAE /* soundtouchios.h */; };
		834B79D3299F757100DB6FAE /* soundtouchios.mm in Sources */ = {isa = PBXBuildFile; fileRef = 834B7991299F70EB00DB6FAE /* soundtouchios.mm */; };
/* End PBXBuildFile section */

/* Begin PBXCopyFilesBuildPhase section */
		834B798B299F70EB00DB6FAE /* CopyFiles */ = {
			isa = PBXCopyFilesBuildPhase;
			buildActionMask = 2147483647;
			dstPath = "include/$(PRODUCT_NAME)";
			dstSubfolderSpec = 16;
			files = (
				834B7993299F70EB00DB6FAE /* soundtouchios.h in CopyFiles */,
			);
			runOnlyForDeploymentPostprocessing = 0;
		};
/* End PBXCopyFilesBuildPhase section */

/* Begin PBXFileReference section */
		834B798D299F70EB00DB6FAE /* libsoundtouchios.a */ = {isa = PBXFileReference; explicitFileType = archive.ar; includeInIndex = 0; path = libsoundtouchios.a; sourceTree = BUILT_PRODUCTS_DIR; };
		834B7990299F70EB00DB6FAE /* soundtouchios.h */ = {isa = PBXFileReference; lastKnownFileType = sourcecode.c.h; path = soundtouchios.h; sourceTree = "<group>"; };
		834B7991299F70EB00DB6FAE /* soundtouchios.mm */ = {isa = PBXFileReference; lastKnownFileType = sourcecode.cpp.objcpp; path = soundtouchios.mm; sourceTree = "<group>"; };
		834B799B299F728A00DB6FAE /* FIFOSampleBuffer.h */ = {isa = PBXFileReference; fileEncoding = 4; lastKnownFileType = sourcecode.c.h; path = FIFOSampleBuffer.h; sourceTree = "<group>"; };
		834B799C299F728A00DB6FAE /* STTypes.h */ = {isa = PBXFileReference; fileEncoding = 4; lastKnownFileType = sourcecode.c.h; path = STTypes.h; sourceTree = "<group>"; };
		834B799D299F728A00DB6FAE /* BPMDetect.h */ = {isa = PBXFileReference; fileEncoding = 4; lastKnownFileType = sourcecode.c.h; path = BPMDetect.h; sourceTree = "<group>"; };
		834B799E299F728A00DB6FAE /* SoundTouch.h */ = {isa = PBXFileReference; fileEncoding = 4; lastKnownFileType = sourcecode.c.h; path = SoundTouch.h; sourceTree = "<group>"; };
		834B799F299F728A00DB6FAE /* soundtouch_config.h */ = {isa = PBXFileReference; fileEncoding = 4; lastKnownFileType = sourcecode.c.h; path = soundtouch_config.h; sourceTree = "<group>"; };
		834B79A0299F728A00DB6FAE /* FIFOSamplePipe.h */ = {isa = PBXFileReference; fileEncoding = 4; lastKnownFileType = sourcecode.c.h; path = FIFOSamplePipe.h; sourceTree = "<group>"; };
		834B79A3299F729500DB6FAE /* TDStretch.cpp */ = {isa = PBXFileReference; fileEncoding = 4; lastKnownFileType = sourcecode.cpp.cpp; path = TDStretch.cpp; sourceTree = "<group>"; };
		834B79A4299F729500DB6FAE /* RateTransposer.cpp */ = {isa = PBXFileReference; fileEncoding = 4; lastKnownFileType = sourcecode.cpp.cpp; path = RateTransposer.cpp; sourceTree = "<group>"; };
		834B79A5299F729500DB6FAE /* InterpolateShannon.cpp */ = {isa = PBXFileReference; fileEncoding = 4; lastKnownFileType = sourcecode.cpp.cpp; path = InterpolateShannon.cpp; sourceTree = "<group>"; };
		834B79A6299F729500DB6FAE /* FIRFilter.h */ = {isa = PBXFileReference; fileEncoding = 4; lastKnownFileType = sourcecode.c.h; path = FIRFilter.h; sourceTree = "<group>"; };
		834B79A7299F729500DB6FAE /* BPMDetect.cpp */ = {isa = PBXFileReference; fileEncoding = 4; lastKnownFileType = sourcecode.cpp.cpp; path = BPMDetect.cpp; sourceTree = "<group>"; };
		834B79A8299F729500DB6FAE /* mmx_optimized.cpp */ = {isa = PBXFileReference; fileEncoding = 4; lastKnownFileType = sourcecode.cpp.cpp; path = mmx_optimized.cpp; sourceTree = "<group>"; };
		834B79A9299F729500DB6FAE /* InterpolateCubic.cpp */ = {isa = PBXFileReference; fileEncoding = 4; lastKnownFileType = sourcecode.cpp.cpp; path = InterpolateCubic.cpp; sourceTree = "<group>"; };
		834B79AA299F729500DB6FAE /* PeakFinder.h */ = {isa = PBXFileReference; fileEncoding = 4; lastKnownFileType = sourcecode.c.h; path = PeakFinder.h; sourceTree = "<group>"; };
		834B79AB299F729500DB6FAE /* InterpolateLinear.cpp */ = {isa = PBXFileReference; fileEncoding = 4; lastKnownFileType = sourcecode.cpp.cpp; path = InterpolateLinear.cpp; sourceTree = "<group>"; };
		834B79AC299F729500DB6FAE /* FIRFilter.cpp */ = {isa = PBXFileReference; fileEncoding = 4; lastKnownFileType = sourcecode.cpp.cpp; path = FIRFilter.cpp; sourceTree = "<group>"; };
		834B79AD299F729500DB6FAE /* FIFOSampleBuffer.cpp */ = {isa = PBXFileReference; fileEncoding = 4; lastKnownFileType = sourcecode.cpp.cpp; path = FIFOSampleBuffer.cpp; sourceTree = "<group>"; };
		834B79AE299F729500DB6FAE /* sse_optimized.cpp */ = {isa = PBXFileReference; fileEncoding = 4; lastKnownFileType = sourcecode.cpp.cpp; path = sse_optimized.cpp; sourceTree = "<group>"; };
		834B79AF299F729500DB6FAE /* AAFilter.h */ = {isa = PBXFileReference; fileEncoding = 4; lastKnownFileType = sourcecode.c.h; path = AAFilter.h; sourceTree = "<group>"; };
		834B79B0299F729500DB6FAE /* InterpolateLinear.h */ = {isa = PBXFileReference; fileEncoding = 4; lastKnownFileType = sourcecode.c.h; path = InterpolateLinear.h; sourceTree = "<group>"; };
		834B79B1299F729500DB6FAE /* cpu_detect_x86.cpp */ = {isa = PBXFileReference; fileEncoding = 4; lastKnownFileType = sourcecode.cpp.cpp; path = cpu_detect_x86.cpp; sourceTree = "<group>"; };
		834B79B2299F729500DB6FAE /* RateTransposer.h */ = {isa = PBXFileReference; fileEncoding = 4; lastKnownFileType = sourcecode.c.h; path = RateTransposer.h; sourceTree = "<group>"; };
		834B79B3299F729500DB6FAE /* PeakFinder.cpp */ = {isa = PBXFileReference; fileEncoding = 4; lastKnownFileType = sourcecode.cpp.cpp; path = PeakFinder.cpp; sourceTree = "<group>"; };
		834B79B4299F729500DB6FAE /* TDStretch.h */ = {isa = PBXFileReference; fileEncoding = 4; lastKnownFileType = sourcecode.c.h; path = TDStretch.h; sourceTree = "<group>"; };
		834B79B5299F729500DB6FAE /* InterpolateShannon.h */ = {isa = PBXFileReference; fileEncoding = 4; lastKnownFileType = sourcecode.c.h; path = InterpolateShannon.h; sourceTree = "<group>"; };
		834B79B6299F729500DB6FAE /* cpu_detect.h */ = {isa = PBXFileReference; fileEncoding = 4; lastKnownFileType = sourcecode.c.h; path = cpu_detect.h; sourceTree = "<group>"; };
		834B79B7299F729500DB6FAE /* InterpolateCubic.h */ = {isa = PBXFileReference; fileEncoding = 4; lastKnownFileType = sourcecode.c.h; path = InterpolateCubic.h; sourceTree = "<group>"; };
		834B79B8299F729500DB6FAE /* AAFilter.cpp */ = {isa = PBXFileReference; fileEncoding = 4; lastKnownFileType = sourcecode.cpp.cpp; path = AAFilter.cpp; sourceTree = "<group>"; };
		834B79B9299F729500DB6FAE /* SoundTouch.cpp */ = {isa = PBXFileReference; fileEncoding = 4; lastKnownFileType = sourcecode.cpp.cpp; path = SoundTouch.cpp; sourceTree = "<group>"; };
		834B79BB299F729500DB6FAE /* SoundTouch.iml */ = {isa = PBXFileReference; fileEncoding = 4; lastKnownFileType = text.xml; path = SoundTouch.iml; sourceTree = "<group>"; };
		834B79BC299F729500DB6FAE /* vcs.xml */ = {isa = PBXFileReference; fileEncoding = 4; lastKnownFileType = text.xml; path = vcs.xml; sourceTree = "<group>"; };
		834B79BD299F729500DB6FAE /* workspace.xml */ = {isa = PBXFileReference; fileEncoding = 4; lastKnownFileType = text.xml; path = workspace.xml; sourceTree = "<group>"; };
		834B79BE299F729500DB6FAE /* modules.xml */ = {isa = PBXFileReference; fileEncoding = 4; lastKnownFileType = text.xml; path = modules.xml; sourceTree = "<group>"; };
		834B79BF299F729500DB6FAE /* misc.xml */ = {isa = PBXFileReference; fileEncoding = 4; lastKnownFileType = text.xml; path = misc.xml; sourceTree = "<group>"; };
		834B79C1299F729500DB6FAE /* WavFile.h */ = {isa = PBXFileReference; fileEncoding = 4; lastKnownFileType = sourcecode.c.h; path = WavFile.h; sourceTree = "<group>"; };
		834B79C2299F729500DB6FAE /* WavFile.cpp */ = {isa = PBXFileReference; fileEncoding = 4; lastKnownFileType = sourcecode.cpp.cpp; path = WavFile.cpp; sourceTree = "<group>"; };
		834B79D4299F75A600DB6FAE /* SoundTouchExtension.cpp */ = {isa = PBXFileReference; lastKnownFileType = sourcecode.cpp.cpp; path = SoundTouchExtension.cpp; sourceTree = "<group>"; };
		834B79D6299F9ABA00DB6FAE /* SoundTouchExtension.h */ = {isa = PBXFileReference; lastKnownFileType = sourcecode.c.h; path = SoundTouchExtension.h; sourceTree = "<group>"; };
/* End PBXFileReference section */

/* Begin PBXFrameworksBuildPhase section */
		834B798A299F70EB00DB6FAE /* Frameworks */ = {
			isa = PBXFrameworksBuildPhase;
			buildActionMask = 2147483647;
			files = (
			);
			runOnlyForDeploymentPostprocessing = 0;
		};
/* End PBXFrameworksBuildPhase section */

/* Begin PBXGroup section */
		834B7984299F70EB00DB6FAE = {
			isa = PBXGroup;
			children = (
				834B798F299F70EB00DB6FAE /* soundtouchios */,
				834B798E299F70EB00DB6FAE /* Products */,
			);
			sourceTree = "<group>";
		};
		834B798E299F70EB00DB6FAE /* Products */ = {
			isa = PBXGroup;
			children = (
				834B798D299F70EB00DB6FAE /* libsoundtouchios.a */,
			);
			name = Products;
			sourceTree = "<group>";
		};
		834B798F299F70EB00DB6FAE /* soundtouchios */ = {
			isa = PBXGroup;
			children = (
				834B79A1299F729500DB6FAE /* source */,
				834B799A299F728A00DB6FAE /* include */,
				834B7990299F70EB00DB6FAE /* soundtouchios.h */,
				834B7991299F70EB00DB6FAE /* soundtouchios.mm */,
			);
			path = soundtouchios;
			sourceTree = "<group>";
		};
		834B799A299F728A00DB6FAE /* include */ = {
			isa = PBXGroup;
			children = (
				834B799B299F728A00DB6FAE /* FIFOSampleBuffer.h */,
				834B799C299F728A00DB6FAE /* STTypes.h */,
				834B799D299F728A00DB6FAE /* BPMDetect.h */,
				834B799E299F728A00DB6FAE /* SoundTouch.h */,
				834B799F299F728A00DB6FAE /* soundtouch_config.h */,
				834B79A0299F728A00DB6FAE /* FIFOSamplePipe.h */,
				834B79D6299F9ABA00DB6FAE /* SoundTouchExtension.h */,
			);
			path = include;
			sourceTree = "<group>";
		};
		834B79A1299F729500DB6FAE /* source */ = {
			isa = PBXGroup;
			children = (
				834B79A2299F729500DB6FAE /* SoundTouch */,
				834B79C0299F729500DB6FAE /* SoundStretch */,
				834B79D4299F75A600DB6FAE /* SoundTouchExtension.cpp */,
			);
			path = source;
			sourceTree = "<group>";
		};
		834B79A2299F729500DB6FAE /* SoundTouch */ = {
			isa = PBXGroup;
			children = (
				834B79A3299F729500DB6FAE /* TDStretch.cpp */,
				834B79A4299F729500DB6FAE /* RateTransposer.cpp */,
				834B79A5299F729500DB6FAE /* InterpolateShannon.cpp */,
				834B79A6299F729500DB6FAE /* FIRFilter.h */,
				834B79A7299F729500DB6FAE /* BPMDetect.cpp */,
				834B79A8299F729500DB6FAE /* mmx_optimized.cpp */,
				834B79A9299F729500DB6FAE /* InterpolateCubic.cpp */,
				834B79AA299F729500DB6FAE /* PeakFinder.h */,
				834B79AB299F729500DB6FAE /* InterpolateLinear.cpp */,
				834B79AC299F729500DB6FAE /* FIRFilter.cpp */,
				834B79AD299F729500DB6FAE /* FIFOSampleBuffer.cpp */,
				834B79AE299F729500DB6FAE /* sse_optimized.cpp */,
				834B79AF299F729500DB6FAE /* AAFilter.h */,
				834B79B0299F729500DB6FAE /* InterpolateLinear.h */,
				834B79B1299F729500DB6FAE /* cpu_detect_x86.cpp */,
				834B79B2299F729500DB6FAE /* RateTransposer.h */,
				834B79B3299F729500DB6FAE /* PeakFinder.cpp */,
				834B79B4299F729500DB6FAE /* TDStretch.h */,
				834B79B5299F729500DB6FAE /* InterpolateShannon.h */,
				834B79B6299F729500DB6FAE /* cpu_detect.h */,
				834B79B7299F729500DB6FAE /* InterpolateCubic.h */,
				834B79B8299F729500DB6FAE /* AAFilter.cpp */,
				834B79B9299F729500DB6FAE /* SoundTouch.cpp */,
				834B79BA299F729500DB6FAE /* .idea */,
			);
			path = SoundTouch;
			sourceTree = "<group>";
		};
		834B79BA299F729500DB6FAE /* .idea */ = {
			isa = PBXGroup;
			children = (
				834B79BB299F729500DB6FAE /* SoundTouch.iml */,
				834B79BC299F729500DB6FAE /* vcs.xml */,
				834B79BD299F729500DB6FAE /* workspace.xml */,
				834B79BE299F729500DB6FAE /* modules.xml */,
				834B79BF299F729500DB6FAE /* misc.xml */,
			);
			path = .idea;
			sourceTree = "<group>";
		};
		834B79C0299F729500DB6FAE /* SoundStretch */ = {
			isa = PBXGroup;
			children = (
				834B79C1299F729500DB6FAE /* WavFile.h */,
				834B79C2299F729500DB6FAE /* WavFile.cpp */,
			);
			path = SoundStretch;
			sourceTree = "<group>";
		};
/* End PBXGroup section */

/* Begin PBXNativeTarget section */
		834B798C299F70EB00DB6FAE /* soundtouchios */ = {
			isa = PBXNativeTarget;
			buildConfigurationList = 834B7996299F70EB00DB6FAE /* Build configuration list for PBXNativeTarget "soundtouchios" */;
			buildPhases = (
				834B7989299F70EB00DB6FAE /* Sources */,
				834B798A299F70EB00DB6FAE /* Frameworks */,
				834B798B299F70EB00DB6FAE /* CopyFiles */,
			);
			buildRules = (
			);
			dependencies = (
			);
			name = soundtouchios;
			productName = soundtouchios;
			productReference = 834B798D299F70EB00DB6FAE /* libsoundtouchios.a */;
			productType = "com.apple.product-type.library.static";
		};
/* End PBXNativeTarget section */

/* Begin PBXProject section */
		834B7985299F70EB00DB6FAE /* Project object */ = {
			isa = PBXProject;
			attributes = {
				BuildIndependentTargetsInParallel = 1;
				LastUpgradeCheck = 1410;
				TargetAttributes = {
					834B798C299F70EB00DB6FAE = {
						CreatedOnToolsVersion = 14.1;
					};
				};
			};
			buildConfigurationList = 834B7988299F70EB00DB6FAE /* Build configuration list for PBXProject "soundtouchios" */;
			compatibilityVersion = "Xcode 14.0";
			developmentRegion = en;
			hasScannedForEncodings = 0;
			knownRegions = (
				en,
				Base,
			);
			mainGroup = 834B7984299F70EB00DB6FAE;
			productRefGroup = 834B798E299F70EB00DB6FAE /* Products */;
			projectDirPath = "";
			projectRoot = "";
			targets = (
				834B798C299F70EB00DB6FAE /* soundtouchios */,
			);
		};
/* End PBXProject section */

/* Begin PBXSourcesBuildPhase section */
		834B7989299F70EB00DB6FAE /* Sources */ = {
			isa = PBXSourcesBuildPhase;
			buildActionMask = 2147483647;
			files = (
				834B79D3299F757100DB6FAE /* soundtouchios.mm in Sources */,
			);
			runOnlyForDeploymentPostprocessing = 0;
		};
/* End PBXSourcesBuildPhase section */

/* Begin XCBuildConfiguration section */
		834B7994299F70EB00DB6FAE /* Debug */ = {
			isa = XCBuildConfiguration;
			buildSettings = {
				ALWAYS_SEARCH_USER_PATHS = NO;
				CLANG_ANALYZER_NONNULL = YES;
				CLANG_ANALYZER_NUMBER_OBJECT_CONVERSION = YES_AGGRESSIVE;
				CLANG_CXX_LANGUAGE_STANDARD = "gnu++20";
				CLANG_ENABLE_MODULES = YES;
				CLANG_ENABLE_OBJC_ARC = YES;
				CLANG_ENABLE_OBJC_WEAK = YES;
				CLANG_WARN_BLOCK_CAPTURE_AUTORELEASING = YES;
				CLANG_WARN_BOOL_CONVERSION = YES;
				CLANG_WARN_COMMA = YES;
				CLANG_WARN_CONSTANT_CONVERSION = YES;
				CLANG_WARN_DEPRECATED_OBJC_IMPLEMENTATIONS = YES;
				CLANG_WARN_DIRECT_OBJC_ISA_USAGE = YES_ERROR;
				CLANG_WARN_DOCUMENTATION_COMMENTS = YES;
				CLANG_WARN_EMPTY_BODY = YES;
				CLANG_WARN_ENUM_CONVERSION = YES;
				CLANG_WARN_INFINITE_RECURSION = YES;
				CLANG_WARN_INT_CONVERSION = YES;
				CLANG_WARN_NON_LITERAL_NULL_CONVERSION = YES;
				CLANG_WARN_OBJC_IMPLICIT_RETAIN_SELF = YES;
				CLANG_WARN_OBJC_LITERAL_CONVERSION = YES;
				CLANG_WARN_OBJC_ROOT_CLASS = YES_ERROR;
				CLANG_WARN_QUOTED_INCLUDE_IN_FRAMEWORK_HEADER = YES;
				CLANG_WARN_RANGE_LOOP_ANALYSIS = YES;
				CLANG_WARN_STRICT_PROTOTYPES = YES;
				CLANG_WARN_SUSPICIOUS_MOVE = YES;
				CLANG_WARN_UNGUARDED_AVAILABILITY = YES_AGGRESSIVE;
				CLANG_WARN_UNREACHABLE_CODE = YES;
				CLANG_WARN__DUPLICATE_METHOD_MATCH = YES;
				COPY_PHASE_STRIP = NO;
				DEAD_CODE_STRIPPING = NO;
				DEBUG_INFORMATION_FORMAT = dwarf;
				ENABLE_STRICT_OBJC_MSGSEND = YES;
				ENABLE_TESTABILITY = YES;
				GCC_C_LANGUAGE_STANDARD = gnu11;
				GCC_DYNAMIC_NO_PIC = NO;
				GCC_NO_COMMON_BLOCKS = YES;
				GCC_OPTIMIZATION_LEVEL = 0;
				GCC_PREPROCESSOR_DEFINITIONS = (
					"DEBUG=1",
					"$(inherited)",
				);
				GCC_WARN_64_TO_32_BIT_CONVERSION = YES;
				GCC_WARN_ABOUT_RETURN_TYPE = YES_ERROR;
				GCC_WARN_UNDECLARED_SELECTOR = YES;
				GCC_WARN_UNINITIALIZED_AUTOS = YES_AGGRESSIVE;
				GCC_WARN_UNUSED_FUNCTION = YES;
				GCC_WARN_UNUSED_VARIABLE = YES;
				IPHONEOS_DEPLOYMENT_TARGET = 11.0;
				LINK_WITH_STANDARD_LIBRARIES = NO;
				MACH_O_TYPE = staticlib;
				MTL_ENABLE_DEBUG_INFO = INCLUDE_SOURCE;
				MTL_FAST_MATH = YES;
				ONLY_ACTIVE_ARCH = YES;
				SDKROOT = iphoneos;
			};
			name = Debug;
		};
		834B7995299F70EB00DB6FAE /* Release */ = {
			isa = XCBuildConfiguration;
			buildSettings = {
				ALWAYS_SEARCH_USER_PATHS = NO;
				CLANG_ANALYZER_NONNULL = YES;
				CLANG_ANALYZER_NUMBER_OBJECT_CONVERSION = YES_AGGRESSIVE;
				CLANG_CXX_LANGUAGE_STANDARD = "gnu++20";
				CLANG_ENABLE_MODULES = YES;
				CLANG_ENABLE_OBJC_ARC = YES;
				CLANG_ENABLE_OBJC_WEAK = YES;
				CLANG_WARN_BLOCK_CAPTURE_AUTORELEASING = YES;
				CLANG_WARN_BOOL_CONVERSION = YES;
				CLANG_WARN_COMMA = YES;
				CLANG_WARN_CONSTANT_CONVERSION = YES;
				CLANG_WARN_DEPRECATED_OBJC_IMPLEMENTATIONS = YES;
				CLANG_WARN_DIRECT_OBJC_ISA_USAGE = YES_ERROR;
				CLANG_WARN_DOCUMENTATION_COMMENTS = YES;
				CLANG_WARN_EMPTY_BODY = YES;
				CLANG_WARN_ENUM_CONVERSION = YES;
				CLANG_WARN_INFINITE_RECURSION = YES;
				CLANG_WARN_INT_CONVERSION = YES;
				CLANG_WARN_NON_LITERAL_NULL_CONVERSION = YES;
				CLANG_WARN_OBJC_IMPLICIT_RETAIN_SELF = YES;
				CLANG_WARN_OBJC_LITERAL_CONVERSION = YES;
				CLANG_WARN_OBJC_ROOT_CLASS = YES_ERROR;
				CLANG_WARN_QUOTED_INCLUDE_IN_FRAMEWORK_HEADER = YES;
				CLANG_WARN_RANGE_LOOP_ANALYSIS = YES;
				CLANG_WARN_STRICT_PROTOTYPES = YES;
				CLANG_WARN_SUSPICIOUS_MOVE = YES;
				CLANG_WARN_UNGUARDED_AVAILABILITY = YES_AGGRESSIVE;
				CLANG_WARN_UNREACHABLE_CODE = YES;
				CLANG_WARN__DUPLICATE_METHOD_MATCH = YES;
				COPY_PHASE_STRIP = NO;
				DEAD_CODE_STRIPPING = NO;
				DEBUG_INFORMATION_FORMAT = "dwarf-with-dsym";
				ENABLE_NS_ASSERTIONS = NO;
				ENABLE_STRICT_OBJC_MSGSEND = YES;
				GCC_C_LANGUAGE_STANDARD = gnu11;
				GCC_NO_COMMON_BLOCKS = YES;
				GCC_WARN_64_TO_32_BIT_CONVERSION = YES;
				GCC_WARN_ABOUT_RETURN_TYPE = YES_ERROR;
				GCC_WARN_UNDECLARED_SELECTOR = YES;
				GCC_WARN_UNINITIALIZED_AUTOS = YES_AGGRESSIVE;
				GCC_WARN_UNUSED_FUNCTION = YES;
				GCC_WARN_UNUSED_VARIABLE = YES;
				IPHONEOS_DEPLOYMENT_TARGET = 11.0;
				LINK_WITH_STANDARD_LIBRARIES = NO;
				MACH_O_TYPE = staticlib;
				MTL_ENABLE_DEBUG_INFO = NO;
				MTL_FAST_MATH = YES;
				SDKROOT = iphoneos;
				VALIDATE_PRODUCT = YES;
			};
			name = Release;
		};
		834B7997299F70EB00DB6FAE /* Debug */ = {
			isa = XCBuildConfiguration;
			buildSettings = {
				CODE_SIGN_STYLE = Automatic;
				ONLY_ACTIVE_ARCH = YES;
				OTHER_LDFLAGS = "-ObjC";
				PRODUCT_NAME = "$(TARGET_NAME)";
				SKIP_INSTALL = YES;
				TARGETED_DEVICE_FAMILY = "1,2";
			};
			name = Debug;
		};
		834B7998299F70EB00DB6FAE /* Release */ = {
			isa = XCBuildConfiguration;
			buildSettings = {
				CODE_SIGN_STYLE = Automatic;
				ONLY_ACTIVE_ARCH = YES;
				OTHER_LDFLAGS = "-ObjC";
				PRODUCT_NAME = "$(TARGET_NAME)";
				SKIP_INSTALL = YES;
				TARGETED_DEVICE_FAMILY = "1,2";
			};
			name = Release;
		};
/* End XCBuildConfiguration section */

/* Begin XCConfigurationList section */
		834B7988299F70EB00DB6FAE /* Build configuration list for PBXProject "soundtouchios" */ = {
			isa = XCConfigurationList;
			buildConfigurations = (
				834B7994299F70EB00DB6FAE /* Debug */,
				834B7995299F70EB00DB6FAE /* Release */,
			);
			defaultConfigurationIsVisible = 0;
			defaultConfigurationName = Release;
		};
		834B7996299F70EB00DB6FAE /* Build configuration list for PBXNativeTarget "soundtouchios" */ = {
			isa = XCConfigurationList;
			buildConfigurations = (
				834B7997299F70EB00DB6FAE /* Debug */,
				834B7998299F70EB00DB6FAE /* Release */,
			);
			defaultConfigurationIsVisible = 0;
			defaultConfigurationName = Release;
		};
/* End XCConfigurationList section */
	};
	rootObject = 834B7985299F70EB00DB6FAE /* Project object */;
}
